
Microsoft Visual Studio Solution File, Format Version 12.00
# Visual Studio Version 16
VisualStudioVersion = 16.0.29806.167
MinimumVisualStudioVersion = 10.0.40219.1
Project("{8BC9CEB8-8B4A-11D0-8D11-00A0C91BC942}") = "HomeWork", "HomeWork\HomeWork.vcxproj", "{97BED163-7B3F-408E-9005-8731218E3312}"
EndProject
Global
	GlobalSection(SolutionConfigurationPlatforms) = preSolution
		Debug|x64 = Debug|x64
		Debug|x86 = Debug|x86
		Release|x64 = Release|x64
		Release|x86 = Release|x86
	EndGlobalSection
	GlobalSection(ProjectConfigurationPlatforms) = postSolution
		{97BED163-7B3F-408E-9005-8731218E3312}.Debug|x64.ActiveCfg = Debug|x64
		{97BED163-7B3F-408E-9005-8731218E3312}.Debug|x64.Build.0 = Debug|x64
		{97BED163-7B3F-408E-9005-8731218E3312}.Debug|x86.ActiveCfg = Debug|Win32
		{97BED163-7B3F-408E-9005-8731218E3312}.Debug|x86.Build.0 = Debug|Win32
		{97BED163-7B3F-408E-9005-8731218E3312}.Release|x64.ActiveCfg = Release|x64
		{97BED163-7B3F-408E-9005-8731218E3312}.Release|x64.Build.0 = Release|x64
		{97BED163-7B3F-408E-9005-8731218E3312}.Release|x86.ActiveCfg = Release|Win32
		{97BED163-7B3F-408E-9005-8731218E3312}.Release|x86.Build.0 = Release|Win32
	EndGlobalSection
	GlobalSection(SolutionProperties) = preSolution
		HideSolutionNode = FALSE
	EndGlobalSection
	GlobalSection(ExtensibilityGlobals) = postSolution
		SolutionGuid = {E15AFF90-FAE7-443E-B527-A72C918F8828}
	EndGlobalSection
EndGlobal
